schema: '2.0'
stages:
  parse:
    cmd: python src/parse_corpus.py
    deps:
    - path: data/raw/ru-fr_interference/2/metadata_RUFR.csv
      hash: md5
      md5: c1436dcbae5e46962e5db6c7b26f0043
      size: 580
    - path: data/raw/ru-fr_interference/2/wav_et_textgrids/FRcorp_textgrids_only
      hash: md5
      md5: f740bda64fa177d7c2cfbb84602feb88.dir
      size: 738308394
      nfiles: 5928
    - path: src/parse_corpus.py
      hash: md5
      md5: cee954805ef04ef04dea90fc079b2c71
      size: 4747
    params:
      params.yaml:
        corpus:
          dir: 
            data/raw/ru-fr_interference/2/wav_et_textgrids/FRcorp_textgrids_only
          metadata: data/raw/ru-fr_interference/2/metadata_RUFR.csv
        parse:
          min_speakers: 2
          min_recordings: 2
          noise_tokens:
          - sil
          - sp
          - spn
          - unk
          - <unk>
          - ''
    outs:
    - path: data/parsed/usable_words.json
      hash: md5
      md5: d3415916acccbc02e94285a5c7560357
      size: 282
    - path: data/parsed/words.csv
      hash: md5
      md5: ac0db1d0eeae34524aec9a2bbd48e6da
      size: 1191138
  extract:
    cmd: python src/extract_embeddings.py
    deps:
    - path: data/parsed/usable_words.json
      hash: md5
      md5: d3415916acccbc02e94285a5c7560357
      size: 282
    - path: data/parsed/words.csv
      hash: md5
      md5: ac0db1d0eeae34524aec9a2bbd48e6da
      size: 1191138
    - path: src/extract_embeddings.py
      hash: md5
      md5: d164939167cdf9a2ebd63606aa90e65c
      size: 3495
    params:
      params.yaml:
        extract:
          model: facebook/wav2vec2-base
          target_sr: 16000
          min_frames: 400
          pooling: mean
    outs:
    - path: data/features/word_embeddings.parquet
      hash: md5
      md5: 6e726caaa05632880a942ad426b2a9f6
      size: 40878486
  distances:
    cmd: python src/compute_distances.py
    deps:
    - path: data/features/word_embeddings.parquet
      hash: md5
      md5: 6e726caaa05632880a942ad426b2a9f6
      size: 40878486
    - path: src/compute_distances.py
      hash: md5
      md5: f19c6ebcc35a815186e95a52bb97ff74
      size: 4913
    params:
      params.yaml:
        distances:
          precisions:
          - float64
          - float32
          - float16
          - int8
    outs:
    - path: data/distances/distances.parquet
      hash: md5
      md5: 49f91dbd712364f0d2be20f6275e1966
      size: 102949025
    - path: data/distances/precision_stats.csv
      hash: md5
      md5: 1f60c8b599191138bd14d0c6517c5252
      size: 561
