schema: '2.0'
stages:
  parse:
    cmd: python src/parse_corpus.py
    deps:
    - path: data/raw/ru-fr_interference/2/metadata_RUFR.csv
      hash: md5
      md5: c1436dcbae5e46962e5db6c7b26f0043
      size: 580
    - path: data/raw/ru-fr_interference/2/wav_et_textgrids/FRcorp_textgrids_only
      hash: md5
      md5: f740bda64fa177d7c2cfbb84602feb88.dir
      size: 738308394
      nfiles: 5928
    - path: src/parse_corpus.py
      hash: md5
      md5: cee954805ef04ef04dea90fc079b2c71
      size: 4747
    params:
      params.yaml:
        corpus:
          dir: 
            data/raw/ru-fr_interference/2/wav_et_textgrids/FRcorp_textgrids_only
          metadata: data/raw/ru-fr_interference/2/metadata_RUFR.csv
        parse:
          min_speakers: 2
          min_recordings: 2
          noise_tokens:
          - sil
          - sp
          - spn
          - unk
          - <unk>
          - ''
    outs:
    - path: data/parsed/usable_words.json
      hash: md5
      md5: d3415916acccbc02e94285a5c7560357
      size: 282
    - path: data/parsed/words.csv
      hash: md5
      md5: ac0db1d0eeae34524aec9a2bbd48e6da
      size: 1191138
  extract:
    cmd: python src/extract_embeddings.py
    deps:
    - path: data/parsed/usable_words.json
      hash: md5
      md5: d3415916acccbc02e94285a5c7560357
      size: 282
    - path: data/parsed/words.csv
      hash: md5
      md5: ac0db1d0eeae34524aec9a2bbd48e6da
      size: 1191138
    - path: src/extract_embeddings.py
      hash: md5
      md5: d164939167cdf9a2ebd63606aa90e65c
      size: 3495
    params:
      params.yaml:
        extract:
          model: facebook/wav2vec2-base
          target_sr: 16000
          min_frames: 400
          pooling: mean
    outs:
    - path: data/features/word_embeddings.parquet
      hash: md5
      md5: 6e726caaa05632880a942ad426b2a9f6
      size: 40878486
  distances:
    cmd: python src/compute_distances.py
    deps:
    - path: data/features/word_embeddings.parquet
      hash: md5
      md5: 6e726caaa05632880a942ad426b2a9f6
      size: 40878486
    - path: src/compute_distances.py
      hash: md5
      md5: 3f6528db189231fb63ba4070dac0f775
      size: 5425
    params:
      params.yaml:
        distances:
          precisions:
          - float64
          - float32
          - float16
          - int8
    outs:
    - path: data/distances/distances.parquet
      hash: md5
      md5: 442c280c8a84406e9f114ab3cbd4b096
      size: 75928520
    - path: data/distances/precision_stats.csv
      hash: md5
      md5: 8ab434e7dbd279adefaa08057ad865a9
      size: 609
  visualise:
    cmd: python src/visualise.py
    deps:
    - path: data/distances/distances.parquet
      hash: md5
      md5: 442c280c8a84406e9f114ab3cbd4b096
      size: 75928520
    - path: data/distances/precision_stats.csv
      hash: md5
      md5: 8ab434e7dbd279adefaa08057ad865a9
      size: 609
    - path: src/visualise.py
      hash: md5
      md5: 50cc284118104bda56d95d2a2b9b3483
      size: 5581
    params:
      params.yaml:
        distances:
          precisions:
          - float64
          - float32
          - float16
          - int8
    outs:
    - path: data/figures/deviation_from_float64.png
      hash: md5
      md5: 84f7e21b38823f13001bbb008316e71c
      size: 116454
    - path: data/figures/kde_distances_by_precision.png
      hash: md5
      md5: b470953f475f1a5a929d00362127e456
      size: 169823
    - path: data/figures/mean_distances_by_precision.png
      hash: md5
      md5: 77eac16f2551752b8573288393824f8e
      size: 70792
